
Microsoft Visual Studio Solution File, Format Version 12.00
# Visual Studio 2012
Project("{FAE04EC0-301F-11D3-BF4B-00C04F79EFBC}") = "GenerarNumerosAleatorios", "GenerarNumerosAleatorios\GenerarNumerosAleatorios.csproj", "{2CABA909-5415-4C55-9D5C-B7E7916C00DB}"
EndProject
Global
	GlobalSection(SolutionConfigurationPlatforms) = preSolution
		Debug|Any CPU = Debug|Any CPU
		Release|Any CPU = Release|Any CPU
	EndGlobalSection
	GlobalSection(ProjectConfigurationPlatforms) = postSolution
		{2CABA909-5415-4C55-9D5C-B7E7916C00DB}.Debug|Any CPU.ActiveCfg = Debug|Any CPU
		{2CABA909-5415-4C55-9D5C-B7E7916C00DB}.Debug|Any CPU.Build.0 = Debug|Any CPU
		{2CABA909-5415-4C55-9D5C-B7E7916C00DB}.Release|Any CPU.ActiveCfg = Release|Any CPU
		{2CABA909-5415-4C55-9D5C-B7E7916C00DB}.Release|Any CPU.Build.0 = Release|Any CPU
	EndGlobalSection
	GlobalSection(SolutionProperties) = preSolution
		HideSolutionNode = FALSE
	EndGlobalSection
EndGlobal
